
Microsoft Visual Studio Solution File, Format Version 12.00
# Visual Studio Version 16
VisualStudioVersion = 16.0.32106.194
MinimumVisualStudioVersion = 10.0.40219.1
Project("{FAE04EC0-301F-11D3-BF4B-00C04F79EFBC}") = "SampleRenderWebcam", "SampleRenderWebcam\SampleRenderWebcam.csproj", "{D180F7ED-7B1B-4596-A1F9-175D2F53DB24}"
EndProject
Global
	GlobalSection(SolutionConfigurationPlatforms) = preSolution
		Debug|Any CPU = Debug|Any CPU
		Release|Any CPU = Release|Any CPU
	EndGlobalSection
	GlobalSection(ProjectConfigurationPlatforms) = postSolution
		{D180F7ED-7B1B-4596-A1F9-175D2F53DB24}.Debug|Any CPU.ActiveCfg = Debug|Any CPU
		{D180F7ED-7B1B-4596-A1F9-175D2F53DB24}.Debug|Any CPU.Build.0 = Debug|Any CPU
		{D180F7ED-7B1B-4596-A1F9-175D2F53DB24}.Release|Any CPU.ActiveCfg = Release|Any CPU
		{D180F7ED-7B1B-4596-A1F9-175D2F53DB24}.Release|Any CPU.Build.0 = Release|Any CPU
	EndGlobalSection
	GlobalSection(SolutionProperties) = preSolution
		HideSolutionNode = FALSE
	EndGlobalSection
	GlobalSection(ExtensibilityGlobals) = postSolution
		SolutionGuid = {CC947D70-3414-4D5E-BF20-57613DA029F0}
	EndGlobalSection
EndGlobal
